
Microsoft Visual Studio Solution File, Format Version 12.00
# Visual Studio Version 16
VisualStudioVersion = 16.0.32106.194
MinimumVisualStudioVersion = 10.0.40219.1
Project("{FAE04EC0-301F-11D3-BF4B-00C04F79EFBC}") = "Dataannotations", "Dataannotations\Dataannotations.csproj", "{DBA84FE8-FAA9-4E33-B4DA-0D0C3AD08865}"
EndProject
Global
	GlobalSection(SolutionConfigurationPlatforms) = preSolution
		Debug|Any CPU = Debug|Any CPU
		Release|Any CPU = Release|Any CPU
	EndGlobalSection
	GlobalSection(ProjectConfigurationPlatforms) = postSolution
		{DBA84FE8-FAA9-4E33-B4DA-0D0C3AD08865}.Debug|Any CPU.ActiveCfg = Debug|Any CPU
		{DBA84FE8-FAA9-4E33-B4DA-0D0C3AD08865}.Debug|Any CPU.Build.0 = Debug|Any CPU
		{DBA84FE8-FAA9-4E33-B4DA-0D0C3AD08865}.Release|Any CPU.ActiveCfg = Release|Any CPU
		{DBA84FE8-FAA9-4E33-B4DA-0D0C3AD08865}.Release|Any CPU.Build.0 = Release|Any CPU
	EndGlobalSection
	GlobalSection(SolutionProperties) = preSolution
		HideSolutionNode = FALSE
	EndGlobalSection
	GlobalSection(ExtensibilityGlobals) = postSolution
		SolutionGuid = {EB2D6A17-F164-4BD9-8AA5-7835070D6DC6}
	EndGlobalSection
EndGlobal
